github.com/aquilax/go-perlin v1.1.0 h1:Gg+3jQ24wT4Y5GI7TCRLmYarzUG0k+n/JATFqOimb7s=
github.com/aquilax/go-perlin v1.1.0/go.mod h1:z9Rl7EM4BZY0Ikp2fEN1I5mKSOJ26HQpk0O2TBdN2HE=
github.com/gorilla/schema v1.2.0 h1:YufUaxZYCKGFuAq3c96BOhjgd5nmXiOY9NGzF247Tsc=
github.com/gorilla/schema v1.2.0/go.mod h1:kgLaKoK1FELgZqMAVxx/5cbj0kT+57qxUrAlIO2eleU=
github.com/phpdave11/gofpdi v1.0.14-0.20211212211723-1f10f9844311 h1:zyWXQ6vu27ETMpYsEMAsisQ+GqJ4e1TPvSNfdOPF0no=
github.com/phpdave11/gofpdi v1.0.14-0.20211212211723-1f10f9844311/go.mod h1:vBmVV0Do6hSBHC8uKUQ71JGW+ZGQq74llk/7bXwjDoI=
github.com/pkg/errors v0.8.1/go.mod h1:bwawxfHBFNV+L2hUp1rHADufV3IMtnDRdf1r5NINEl0=
github.com/pkg/errors v0.9.1 h1:FEBLx1zS214owpjy7qsBeixbURkuhQAwrK5UwLGTwt4=
github.com/pkg/errors v0.9.1/go.mod h1:bwawxfHBFNV+L2hUp1rHADufV3IMtnDRdf1r5NINEl0=
github.com/signintech/gopdf v0.18.0 h1:ktQSrhoeQSImPBIIH9Z3vnTJZXCfiGYzgYW2Vy5Ff+c=
github.com/signintech/gopdf v0.18.0/go.mod h1:wrLtZoWaRNrS4hphED0oflFoa6IWkOu6M3nJjm4VbO4=
